<Solution>
  <Folder Name="/docs/">
    <File Path="docs/ARCHITECTURE.md" />
    <File Path="docs/CLOUD-HOSTING (1).md" />
    <File Path="docs/CLOUD-HOSTING.md" />
    <File Path="docs/DESIGN-DECISIONS.md" />
    <File Path="docs/Get the top scorers (Operations Tech).pdf" />
    <File Path="docs/INTERVIEW-NOTES.md" />
    <File Path="docs/PUBLIC-REPOSITORY-CHECKLIST.md" />
    <File Path="docs/REQUIREMENTS-TRACEABILITY.md" />
    <File Path="docs/SECURITY.md" />
    <File Path="docs/TestData.csv" />
  </Folder>
  <Folder Name="/Solution Items/">
    <File Path="README.md" />
  </Folder>
  <Project Path="Score.Api/Score.Api.csproj" />
  <Project Path="Score.ConsoleApp/Score.ConsoleApp.csproj" />
</Solution>
